
Microsoft Visual Studio Solution File, Format Version 12.00
# Visual Studio Version 16
VisualStudioVersion = 16.0.31205.134
MinimumVisualStudioVersion = 10.0.40219.1
Project("{8BC9CEB8-8B4A-11D0-8D11-00A0C91BC942}") = "操作符", "操作符\操作符.vcxproj", "{5D25B80A-CAC4-4272-A2AF-7FA50976FB21}"
EndProject
Global
	GlobalSection(SolutionConfigurationPlatforms) = preSolution
		Debug|x64 = Debug|x64
		Debug|x86 = Debug|x86
		Release|x64 = Release|x64
		Release|x86 = Release|x86
	EndGlobalSection
	GlobalSection(ProjectConfigurationPlatforms) = postSolution
		{5D25B80A-CAC4-4272-A2AF-7FA50976FB21}.Debug|x64.ActiveCfg = Debug|x64
		{5D25B80A-CAC4-4272-A2AF-7FA50976FB21}.Debug|x64.Build.0 = Debug|x64
		{5D25B80A-CAC4-4272-A2AF-7FA50976FB21}.Debug|x86.ActiveCfg = Debug|Win32
		{5D25B80A-CAC4-4272-A2AF-7FA50976FB21}.Debug|x86.Build.0 = Debug|Win32
		{5D25B80A-CAC4-4272-A2AF-7FA50976FB21}.Release|x64.ActiveCfg = Release|x64
		{5D25B80A-CAC4-4272-A2AF-7FA50976FB21}.Release|x64.Build.0 = Release|x64
		{5D25B80A-CAC4-4272-A2AF-7FA50976FB21}.Release|x86.ActiveCfg = Release|Win32
		{5D25B80A-CAC4-4272-A2AF-7FA50976FB21}.Release|x86.Build.0 = Release|Win32
	EndGlobalSection
	GlobalSection(SolutionProperties) = preSolution
		HideSolutionNode = FALSE
	EndGlobalSection
	GlobalSection(ExtensibilityGlobals) = postSolution
		SolutionGuid = {FD4319D9-FD2A-4E70-83FF-6CB71789FEF6}
	EndGlobalSection
EndGlobal
