
Microsoft Visual Studio Solution File, Format Version 12.00
# Visual Studio Version 16
VisualStudioVersion = 16.0.31205.134
MinimumVisualStudioVersion = 10.0.40219.1
Project("{8BC9CEB8-8B4A-11D0-8D11-00A0C91BC942}") = "选择结构", "选择结构\选择结构.vcxproj", "{483E1A96-87AF-4FC0-B6CE-65C978630BAD}"
EndProject
Global
	GlobalSection(SolutionConfigurationPlatforms) = preSolution
		Debug|x64 = Debug|x64
		Debug|x86 = Debug|x86
		Release|x64 = Release|x64
		Release|x86 = Release|x86
	EndGlobalSection
	GlobalSection(ProjectConfigurationPlatforms) = postSolution
		{483E1A96-87AF-4FC0-B6CE-65C978630BAD}.Debug|x64.ActiveCfg = Debug|x64
		{483E1A96-87AF-4FC0-B6CE-65C978630BAD}.Debug|x64.Build.0 = Debug|x64
		{483E1A96-87AF-4FC0-B6CE-65C978630BAD}.Debug|x86.ActiveCfg = Debug|Win32
		{483E1A96-87AF-4FC0-B6CE-65C978630BAD}.Debug|x86.Build.0 = Debug|Win32
		{483E1A96-87AF-4FC0-B6CE-65C978630BAD}.Release|x64.ActiveCfg = Release|x64
		{483E1A96-87AF-4FC0-B6CE-65C978630BAD}.Release|x64.Build.0 = Release|x64
		{483E1A96-87AF-4FC0-B6CE-65C978630BAD}.Release|x86.ActiveCfg = Release|Win32
		{483E1A96-87AF-4FC0-B6CE-65C978630BAD}.Release|x86.Build.0 = Release|Win32
	EndGlobalSection
	GlobalSection(SolutionProperties) = preSolution
		HideSolutionNode = FALSE
	EndGlobalSection
	GlobalSection(ExtensibilityGlobals) = postSolution
		SolutionGuid = {5DB0CA43-AB1F-49D0-8FC7-4944F88B2ABA}
	EndGlobalSection
EndGlobal
