
Microsoft Visual Studio Solution File, Format Version 12.00
# Visual Studio Version 16
VisualStudioVersion = 16.0.31205.134
MinimumVisualStudioVersion = 10.0.40219.1
Project("{8BC9CEB8-8B4A-11D0-8D11-00A0C91BC942}") = "求数组中重复的数字", "求数组中重复的数字\求数组中重复的数字.vcxproj", "{7F7DDA79-7CAD-46A3-848A-764F4A8C2B74}"
EndProject
Global
	GlobalSection(SolutionConfigurationPlatforms) = preSolution
		Debug|x64 = Debug|x64
		Debug|x86 = Debug|x86
		Release|x64 = Release|x64
		Release|x86 = Release|x86
	EndGlobalSection
	GlobalSection(ProjectConfigurationPlatforms) = postSolution
		{7F7DDA79-7CAD-46A3-848A-764F4A8C2B74}.Debug|x64.ActiveCfg = Debug|x64
		{7F7DDA79-7CAD-46A3-848A-764F4A8C2B74}.Debug|x64.Build.0 = Debug|x64
		{7F7DDA79-7CAD-46A3-848A-764F4A8C2B74}.Debug|x86.ActiveCfg = Debug|Win32
		{7F7DDA79-7CAD-46A3-848A-764F4A8C2B74}.Debug|x86.Build.0 = Debug|Win32
		{7F7DDA79-7CAD-46A3-848A-764F4A8C2B74}.Release|x64.ActiveCfg = Release|x64
		{7F7DDA79-7CAD-46A3-848A-764F4A8C2B74}.Release|x64.Build.0 = Release|x64
		{7F7DDA79-7CAD-46A3-848A-764F4A8C2B74}.Release|x86.ActiveCfg = Release|Win32
		{7F7DDA79-7CAD-46A3-848A-764F4A8C2B74}.Release|x86.Build.0 = Release|Win32
	EndGlobalSection
	GlobalSection(SolutionProperties) = preSolution
		HideSolutionNode = FALSE
	EndGlobalSection
	GlobalSection(ExtensibilityGlobals) = postSolution
		SolutionGuid = {9B30EF22-69B5-481B-83C1-EEEA9913CCEF}
	EndGlobalSection
EndGlobal
