
Microsoft Visual Studio Solution File, Format Version 12.00
# Visual Studio Version 16
VisualStudioVersion = 16.0.30804.86
MinimumVisualStudioVersion = 10.0.40219.1
Project("{8BC9CEB8-8B4A-11D0-8D11-00A0C91BC942}") = "结构体_1", "结构体_1\结构体_1.vcxproj", "{B7EAE408-217E-45A5-B92A-0A085A2EDE85}"
EndProject
Global
	GlobalSection(SolutionConfigurationPlatforms) = preSolution
		Debug|x64 = Debug|x64
		Debug|x86 = Debug|x86
		Release|x64 = Release|x64
		Release|x86 = Release|x86
	EndGlobalSection
	GlobalSection(ProjectConfigurationPlatforms) = postSolution
		{B7EAE408-217E-45A5-B92A-0A085A2EDE85}.Debug|x64.ActiveCfg = Debug|x64
		{B7EAE408-217E-45A5-B92A-0A085A2EDE85}.Debug|x64.Build.0 = Debug|x64
		{B7EAE408-217E-45A5-B92A-0A085A2EDE85}.Debug|x86.ActiveCfg = Debug|Win32
		{B7EAE408-217E-45A5-B92A-0A085A2EDE85}.Debug|x86.Build.0 = Debug|Win32
		{B7EAE408-217E-45A5-B92A-0A085A2EDE85}.Release|x64.ActiveCfg = Release|x64
		{B7EAE408-217E-45A5-B92A-0A085A2EDE85}.Release|x64.Build.0 = Release|x64
		{B7EAE408-217E-45A5-B92A-0A085A2EDE85}.Release|x86.ActiveCfg = Release|Win32
		{B7EAE408-217E-45A5-B92A-0A085A2EDE85}.Release|x86.Build.0 = Release|Win32
	EndGlobalSection
	GlobalSection(SolutionProperties) = preSolution
		HideSolutionNode = FALSE
	EndGlobalSection
	GlobalSection(ExtensibilityGlobals) = postSolution
		SolutionGuid = {BA7FE1FA-4548-45AB-8DF5-E4DFFF8150B0}
	EndGlobalSection
EndGlobal
