
Microsoft Visual Studio Solution File, Format Version 12.00
# Visual Studio Version 16
VisualStudioVersion = 16.0.31205.134
MinimumVisualStudioVersion = 10.0.40219.1
Project("{8BC9CEB8-8B4A-11D0-8D11-00A0C91BC942}") = "扫雷", "扫雷\扫雷.vcxproj", "{FE1958FD-F2CC-4362-8FA7-FBE113656CBF}"
EndProject
Global
	GlobalSection(SolutionConfigurationPlatforms) = preSolution
		Debug|x64 = Debug|x64
		Debug|x86 = Debug|x86
		Release|x64 = Release|x64
		Release|x86 = Release|x86
	EndGlobalSection
	GlobalSection(ProjectConfigurationPlatforms) = postSolution
		{FE1958FD-F2CC-4362-8FA7-FBE113656CBF}.Debug|x64.ActiveCfg = Debug|x64
		{FE1958FD-F2CC-4362-8FA7-FBE113656CBF}.Debug|x64.Build.0 = Debug|x64
		{FE1958FD-F2CC-4362-8FA7-FBE113656CBF}.Debug|x86.ActiveCfg = Debug|Win32
		{FE1958FD-F2CC-4362-8FA7-FBE113656CBF}.Debug|x86.Build.0 = Debug|Win32
		{FE1958FD-F2CC-4362-8FA7-FBE113656CBF}.Release|x64.ActiveCfg = Release|x64
		{FE1958FD-F2CC-4362-8FA7-FBE113656CBF}.Release|x64.Build.0 = Release|x64
		{FE1958FD-F2CC-4362-8FA7-FBE113656CBF}.Release|x86.ActiveCfg = Release|Win32
		{FE1958FD-F2CC-4362-8FA7-FBE113656CBF}.Release|x86.Build.0 = Release|Win32
	EndGlobalSection
	GlobalSection(SolutionProperties) = preSolution
		HideSolutionNode = FALSE
	EndGlobalSection
	GlobalSection(ExtensibilityGlobals) = postSolution
		SolutionGuid = {ED7D2411-EF9D-40DC-9735-E85C3C27F23C}
	EndGlobalSection
EndGlobal
